// !$*UTF8*$!
{
	archiveVersion = 1;
	classes = {
	};
	objectVersion = 50;
	objects = {

/* Begin PBXBuildFile section */
		0663307A3B6ADA3549A50F12 /* Pods_LeisureMap.framework in Frameworks */ = {isa = PBXBuildFile; fileRef = 1344B55F775C645322ACEBA0 /* Pods_LeisureMap.framework */; };
		13E0B38A0EDF048A7A286867 /* Pods_LeisureMapUITests.framework in Frameworks */ = {isa = PBXBuildFile; fileRef = A3F57B9647FAA7BC0414FACE /* Pods_LeisureMapUITests.framework */; };
		AD00DD86210D98AB0032938D /* InfoPlist.strings in Resources */ = {isa = PBXBuildFile; fileRef = AD00DD88210D98AB0032938D /* InfoPlist.strings */; };
		AD465845210AAAD4006F02BD /* ServiceCategory.swift in Sources */ = {isa = PBXBuildFile; fileRef = AD465844210AAAD4006F02BD /* ServiceCategory.swift */; };
		AD465847210AAB68006F02BD /* Store.swift in Sources */ = {isa = PBXBuildFile; fileRef = AD465846210AAB68006F02BD /* Store.swift */; };
		AD465849210AB972006F02BD /* Assets.xcassets in Resources */ = {isa = PBXBuildFile; fileRef = AD465848210AB972006F02BD /* Assets.xcassets */; };
		AD46584B210ABEDF006F02BD /* SQLiteWorker.swift in Sources */ = {isa = PBXBuildFile; fileRef = AD46584A210ABEDF006F02BD /* SQLiteWorker.swift */; };
		AD465850210AFFB2006F02BD /* ServiceCellView.swift in Sources */ = {isa = PBXBuildFile; fileRef = AD46584F210AFFB2006F02BD /* ServiceCellView.swift */; };
		AD54F54A2105D621007A2114 /* AppDelegate.swift in Sources */ = {isa = PBXBuildFile; fileRef = AD54F5492105D621007A2114 /* AppDelegate.swift */; };
		AD54F54C2105D621007A2114 /* ViewController.swift in Sources */ = {isa = PBXBuildFile; fileRef = AD54F54B2105D621007A2114 /* ViewController.swift */; };
		AD54F54F2105D621007A2114 /* Main.storyboard in Resources */ = {isa = PBXBuildFile; fileRef = AD54F54D2105D621007A2114 /* Main.storyboard */; };
		AD54F55F2105D622007A2114 /* LeisureMapTests.swift in Sources */ = {isa = PBXBuildFile; fileRef = AD54F55E2105D622007A2114 /* LeisureMapTests.swift */; };
		AD54F56A2105D622007A2114 /* LeisureMapUITests.swift in Sources */ = {isa = PBXBuildFile; fileRef = AD54F5692105D622007A2114 /* LeisureMapUITests.swift */; };
		AD54F5782105DB03007A2114 /* SplashViewController.swift in Sources */ = {isa = PBXBuildFile; fileRef = AD54F5772105DB03007A2114 /* SplashViewController.swift */; };
		AD54F57B2105DB66007A2114 /* LoginViewController.swift in Sources */ = {isa = PBXBuildFile; fileRef = AD54F57A2105DB66007A2114 /* LoginViewController.swift */; };
		AD62A0C7210D448800B9A38D /* NoteViewController.swift in Sources */ = {isa = PBXBuildFile; fileRef = AD62A0C6210D448800B9A38D /* NoteViewController.swift */; };
		AD62A0C9210D47B600B9A38D /* sample.html in Resources */ = {isa = PBXBuildFile; fileRef = AD62A0C8210D47B600B9A38D /* sample.html */; };
		AD62A0CC210D4E7D00B9A38D /* sample_js.txt in Resources */ = {isa = PBXBuildFile; fileRef = AD62A0CB210D4E7D00B9A38D /* sample_js.txt */; };
		AD6E257D210B073000BD02EF /* StoreCellView.swift in Sources */ = {isa = PBXBuildFile; fileRef = AD6E257C210B073000BD02EF /* StoreCellView.swift */; };
		AD760064210858BD003F7733 /* MasterViewController.swift in Sources */ = {isa = PBXBuildFile; fileRef = AD760063210858BD003F7733 /* MasterViewController.swift */; };
		AD760066210858D2003F7733 /* DetailViewController.swift in Sources */ = {isa = PBXBuildFile; fileRef = AD760065210858D2003F7733 /* DetailViewController.swift */; };
		AD76006921085911003F7733 /* MapViewController.swift in Sources */ = {isa = PBXBuildFile; fileRef = AD76006821085911003F7733 /* MapViewController.swift */; };
		AD76006C2108592F003F7733 /* WebViewController.swift in Sources */ = {isa = PBXBuildFile; fileRef = AD76006B2108592F003F7733 /* WebViewController.swift */; };
		ADA04E98210C5284007853F6 /* abc.edu.gpx in Resources */ = {isa = PBXBuildFile; fileRef = ADA04E97210C5284007853F6 /* abc.edu.gpx */; };
		ADA04E9A210C63D2007853F6 /* LocationTransform.swift in Sources */ = {isa = PBXBuildFile; fileRef = ADA04E99210C63D2007853F6 /* LocationTransform.swift */; };
		ADA04E9C210C69EF007853F6 /* MapFlag.swift in Sources */ = {isa = PBXBuildFile; fileRef = ADA04E9B210C69EF007853F6 /* MapFlag.swift */; };
		ADAE437D2109CF6B0040AABD /* FileWorker.swift in Sources */ = {isa = PBXBuildFile; fileRef = ADAE437C2109CF6B0040AABD /* FileWorker.swift */; };
		ADD80E542109618400A7DBEB /* NetWorker.swift in Sources */ = {isa = PBXBuildFile; fileRef = ADD80E532109618400A7DBEB /* NetWorker.swift */; };
		E671C0544BC1A5B661E2A412 /* Pods_LeisureMapTests.framework in Frameworks */ = {isa = PBXBuildFile; fileRef = 2A2BEDF9EB32AAD99293B038 /* Pods_LeisureMapTests.framework */; };
/* End PBXBuildFile section */

/* Begin PBXContainerItemProxy section */
		AD54F55B2105D622007A2114 /* PBXContainerItemProxy */ = {
			isa = PBXContainerItemProxy;
			containerPortal = AD54F53E2105D621007A2114 /* Project object */;
			proxyType = 1;
			remoteGlobalIDString = AD54F5452105D621007A2114;
			remoteInfo = LeisureMap;
		};
		AD54F5662105D622007A2114 /* PBXContainerItemProxy */ = {
			isa = PBXContainerItemProxy;
			containerPortal = AD54F53E2105D621007A2114 /* Project object */;
			proxyType = 1;
			remoteGlobalIDString = AD54F5452105D621007A2114;
			remoteInfo = LeisureMap;
		};
/* End PBXContainerItemProxy section */

/* Begin PBXFileReference section */
		1344B55F775C645322ACEBA0 /* Pods_LeisureMap.framework */ = {isa = PBXFileReference; explicitFileType = wrapper.framework; includeInIndex = 0; path = Pods_LeisureMap.framework; sourceTree = BUILT_PRODUCTS_DIR; };
		19683EEEF9DE661FF2E19D77 /* Pods-LeisureMapTests.release.xcconfig */ = {isa = PBXFileReference; includeInIndex = 1; lastKnownFileType = text.xcconfig; name = "Pods-LeisureMapTests.release.xcconfig"; path = "Pods/Target Support Files/Pods-LeisureMapTests/Pods-LeisureMapTests.release.xcconfig"; sourceTree = "<group>"; };
		2A2BEDF9EB32AAD99293B038 /* Pods_LeisureMapTests.framework */ = {isa = PBXFileReference; explicitFileType = wrapper.framework; includeInIndex = 0; path = Pods_LeisureMapTests.framework; sourceTree = BUILT_PRODUCTS_DIR; };
		84086AB94A8DC546A8DD5497 /* Pods-LeisureMapUITests.debug.xcconfig */ = {isa = PBXFileReference; includeInIndex = 1; lastKnownFileType = text.xcconfig; name = "Pods-LeisureMapUITests.debug.xcconfig"; path = "Pods/Target Support Files/Pods-LeisureMapUITests/Pods-LeisureMapUITests.debug.xcconfig"; sourceTree = "<group>"; };
		989F31757CBF9EE4C16FCBE2 /* Pods-LeisureMap.debug.xcconfig */ = {isa = PBXFileReference; includeInIndex = 1; lastKnownFileType = text.xcconfig; name = "Pods-LeisureMap.debug.xcconfig"; path = "Pods/Target Support Files/Pods-LeisureMap/Pods-LeisureMap.debug.xcconfig"; sourceTree = "<group>"; };
		A3F57B9647FAA7BC0414FACE /* Pods_LeisureMapUITests.framework */ = {isa = PBXFileReference; explicitFileType = wrapper.framework; includeInIndex = 0; path = Pods_LeisureMapUITests.framework; sourceTree = BUILT_PRODUCTS_DIR; };
		AD00DD87210D98AB0032938D /* en */ = {isa = PBXFileReference; lastKnownFileType = text.plist.strings; name = en; path = en.lproj/InfoPlist.strings; sourceTree = "<group>"; };
		AD00DD8D210D9A190032938D /* zh-Hans */ = {isa = PBXFileReference; lastKnownFileType = text.plist.strings; name = "zh-Hans"; path = "zh-Hans.lproj/Main.strings"; sourceTree = "<group>"; };
		AD00DD8E210D9A290032938D /* zh-Hans */ = {isa = PBXFileReference; lastKnownFileType = text.plist.strings; name = "zh-Hans"; path = "zh-Hans.lproj/InfoPlist.strings"; sourceTree = "<group>"; };
		AD00DD8F210D9D2D0032938D /* Info.plist */ = {isa = PBXFileReference; fileEncoding = 4; lastKnownFileType = text.plist.xml; path = Info.plist; sourceTree = "<group>"; };
		AD465844210AAAD4006F02BD /* ServiceCategory.swift */ = {isa = PBXFileReference; lastKnownFileType = sourcecode.swift; path = ServiceCategory.swift; sourceTree = "<group>"; };
		AD465846210AAB68006F02BD /* Store.swift */ = {isa = PBXFileReference; lastKnownFileType = sourcecode.swift; path = Store.swift; sourceTree = "<group>"; };
		AD465848210AB972006F02BD /* Assets.xcassets */ = {isa = PBXFileReference; lastKnownFileType = folder.assetcatalog; path = Assets.xcassets; sourceTree = "<group>"; };
		AD46584A210ABEDF006F02BD /* SQLiteWorker.swift */ = {isa = PBXFileReference; fileEncoding = 4; lastKnownFileType = sourcecode.swift; path = SQLiteWorker.swift; sourceTree = "<group>"; };
		AD46584F210AFFB2006F02BD /* ServiceCellView.swift */ = {isa = PBXFileReference; lastKnownFileType = sourcecode.swift; path = ServiceCellView.swift; sourceTree = "<group>"; };
		AD54F5462105D621007A2114 /* LeisureMap.app */ = {isa = PBXFileReference; explicitFileType = wrapper.application; includeInIndex = 0; path = LeisureMap.app; sourceTree = BUILT_PRODUCTS_DIR; };
		AD54F5492105D621007A2114 /* AppDelegate.swift */ = {isa = PBXFileReference; lastKnownFileType = sourcecode.swift; path = AppDelegate.swift; sourceTree = "<group>"; };
		AD54F54B2105D621007A2114 /* ViewController.swift */ = {isa = PBXFileReference; lastKnownFileType = sourcecode.swift; path = ViewController.swift; sourceTree = "<group>"; };
		AD54F54E2105D621007A2114 /* Base */ = {isa = PBXFileReference; lastKnownFileType = file.storyboard; name = Base; path = Base.lproj/Main.storyboard; sourceTree = "<group>"; };
		AD54F55A2105D622007A2114 /* LeisureMapTests.xctest */ = {isa = PBXFileReference; explicitFileType = wrapper.cfbundle; includeInIndex = 0; path = LeisureMapTests.xctest; sourceTree = BUILT_PRODUCTS_DIR; };
		AD54F55E2105D622007A2114 /* LeisureMapTests.swift */ = {isa = PBXFileReference; lastKnownFileType = sourcecode.swift; path = LeisureMapTests.swift; sourceTree = "<group>"; };
		AD54F5602105D622007A2114 /* Info.plist */ = {isa = PBXFileReference; lastKnownFileType = text.plist.xml; path = Info.plist; sourceTree = "<group>"; };
		AD54F5652105D622007A2114 /* LeisureMapUITests.xctest */ = {isa = PBXFileReference; explicitFileType = wrapper.cfbundle; includeInIndex = 0; path = LeisureMapUITests.xctest; sourceTree = BUILT_PRODUCTS_DIR; };
		AD54F5692105D622007A2114 /* LeisureMapUITests.swift */ = {isa = PBXFileReference; lastKnownFileType = sourcecode.swift; path = LeisureMapUITests.swift; sourceTree = "<group>"; };
		AD54F56B2105D622007A2114 /* Info.plist */ = {isa = PBXFileReference; lastKnownFileType = text.plist.xml; path = Info.plist; sourceTree = "<group>"; };
		AD54F5772105DB03007A2114 /* SplashViewController.swift */ = {isa = PBXFileReference; lastKnownFileType = sourcecode.swift; path = SplashViewController.swift; sourceTree = "<group>"; };
		AD54F57A2105DB66007A2114 /* LoginViewController.swift */ = {isa = PBXFileReference; lastKnownFileType = sourcecode.swift; path = LoginViewController.swift; sourceTree = "<group>"; };
		AD62A0C6210D448800B9A38D /* NoteViewController.swift */ = {isa = PBXFileReference; lastKnownFileType = sourcecode.swift; path = NoteViewController.swift; sourceTree = "<group>"; };
		AD62A0C8210D47B600B9A38D /* sample.html */ = {isa = PBXFileReference; fileEncoding = 4; lastKnownFileType = text.html; path = sample.html; sourceTree = "<group>"; };
		AD62A0CB210D4E7D00B9A38D /* sample_js.txt */ = {isa = PBXFileReference; fileEncoding = 4; lastKnownFileType = text; path = sample_js.txt; sourceTree = "<group>"; };
		AD6E257C210B073000BD02EF /* StoreCellView.swift */ = {isa = PBXFileReference; lastKnownFileType = sourcecode.swift; path = StoreCellView.swift; sourceTree = "<group>"; };
		AD760063210858BD003F7733 /* MasterViewController.swift */ = {isa = PBXFileReference; lastKnownFileType = sourcecode.swift; path = MasterViewController.swift; sourceTree = "<group>"; };
		AD760065210858D2003F7733 /* DetailViewController.swift */ = {isa = PBXFileReference; lastKnownFileType = sourcecode.swift; path = DetailViewController.swift; sourceTree = "<group>"; };
		AD76006821085911003F7733 /* MapViewController.swift */ = {isa = PBXFileReference; lastKnownFileType = sourcecode.swift; path = MapViewController.swift; sourceTree = "<group>"; };
		AD76006B2108592F003F7733 /* WebViewController.swift */ = {isa = PBXFileReference; lastKnownFileType = sourcecode.swift; path = WebViewController.swift; sourceTree = "<group>"; };
		ADA04E93210C4FBE007853F6 /* MapKit.framework */ = {isa = PBXFileReference; lastKnownFileType = wrapper.framework; name = MapKit.framework; path = System/Library/Frameworks/MapKit.framework; sourceTree = SDKROOT; };
		ADA04E95210C4FC9007853F6 /* CoreLocation.framework */ = {isa = PBXFileReference; lastKnownFileType = wrapper.framework; name = CoreLocation.framework; path = System/Library/Frameworks/CoreLocation.framework; sourceTree = SDKROOT; };
		ADA04E97210C5284007853F6 /* abc.edu.gpx */ = {isa = PBXFileReference; fileEncoding = 4; lastKnownFileType = text.xml; path = abc.edu.gpx; sourceTree = "<group>"; };
		ADA04E99210C63D2007853F6 /* LocationTransform.swift */ = {isa = PBXFileReference; lastKnownFileType = sourcecode.swift; path = LocationTransform.swift; sourceTree = "<group>"; };
		ADA04E9B210C69EF007853F6 /* MapFlag.swift */ = {isa = PBXFileReference; fileEncoding = 4; lastKnownFileType = sourcecode.swift; path = MapFlag.swift; sourceTree = "<group>"; };
		ADAE437C2109CF6B0040AABD /* FileWorker.swift */ = {isa = PBXFileReference; lastKnownFileType = sourcecode.swift; path = FileWorker.swift; sourceTree = "<group>"; };
		ADD80E532109618400A7DBEB /* NetWorker.swift */ = {isa = PBXFileReference; lastKnownFileType = sourcecode.swift; path = NetWorker.swift; sourceTree = "<group>"; };
		C508D47469E7EDDE1C5ED4C8 /* Pods-LeisureMapUITests.release.xcconfig */ = {isa = PBXFileReference; includeInIndex = 1; lastKnownFileType = text.xcconfig; name = "Pods-LeisureMapUITests.release.xcconfig"; path = "Pods/Target Support Files/Pods-LeisureMapUITests/Pods-LeisureMapUITests.release.xcconfig"; sourceTree = "<group>"; };
		F09D4BB5BA019BD804BFE29A /* Pods-LeisureMap.release.xcconfig */ = {isa = PBXFileReference; includeInIndex = 1; lastKnownFileType = text.xcconfig; name = "Pods-LeisureMap.release.xcconfig"; path = "Pods/Target Support Files/Pods-LeisureMap/Pods-LeisureMap.release.xcconfig"; sourceTree = "<group>"; };
		F756D75B805025E3A9F803DA /* Pods-LeisureMapTests.debug.xcconfig */ = {isa = PBXFileReference; includeInIndex = 1; lastKnownFileType = text.xcconfig; name = "Pods-LeisureMapTests.debug.xcconfig"; path = "Pods/Target Support Files/Pods-LeisureMapTests/Pods-LeisureMapTests.debug.xcconfig"; sourceTree = "<group>"; };
/* End PBXFileReference section */

/* Begin PBXFrameworksBuildPhase section */
		AD54F5432105D621007A2114 /* Frameworks */ = {
			isa = PBXFrameworksBuildPhase;
			buildActionMask = 2147483647;
			files = (
				0663307A3B6ADA3549A50F12 /* Pods_LeisureMap.framework in Frameworks */,
			);
			runOnlyForDeploymentPostprocessing = 0;
		};
		AD54F5572105D622007A2114 /* Frameworks */ = {
			isa = PBXFrameworksBuildPhase;
			buildActionMask = 2147483647;
			files = (
				E671C0544BC1A5B661E2A412 /* Pods_LeisureMapTests.framework in Frameworks */,
			);
			runOnlyForDeploymentPostprocessing = 0;
		};
		AD54F5622105D622007A2114 /* Frameworks */ = {
			isa = PBXFrameworksBuildPhase;
			buildActionMask = 2147483647;
			files = (
				13E0B38A0EDF048A7A286867 /* Pods_LeisureMapUITests.framework in Frameworks */,
			);
			runOnlyForDeploymentPostprocessing = 0;
		};
/* End PBXFrameworksBuildPhase section */

/* Begin PBXGroup section */
		2088951677832851DFD9BB29 /* Pods */ = {
			isa = PBXGroup;
			children = (
				989F31757CBF9EE4C16FCBE2 /* Pods-LeisureMap.debug.xcconfig */,
				F09D4BB5BA019BD804BFE29A /* Pods-LeisureMap.release.xcconfig */,
				F756D75B805025E3A9F803DA /* Pods-LeisureMapTests.debug.xcconfig */,
				19683EEEF9DE661FF2E19D77 /* Pods-LeisureMapTests.release.xcconfig */,
				84086AB94A8DC546A8DD5497 /* Pods-LeisureMapUITests.debug.xcconfig */,
				C508D47469E7EDDE1C5ED4C8 /* Pods-LeisureMapUITests.release.xcconfig */,
			);
			name = Pods;
			sourceTree = "<group>";
		};
		7618EBCD4FC3194CC48EB802 /* Frameworks */ = {
			isa = PBXGroup;
			children = (
				ADA04E95210C4FC9007853F6 /* CoreLocation.framework */,
				ADA04E93210C4FBE007853F6 /* MapKit.framework */,
				1344B55F775C645322ACEBA0 /* Pods_LeisureMap.framework */,
				2A2BEDF9EB32AAD99293B038 /* Pods_LeisureMapTests.framework */,
				A3F57B9647FAA7BC0414FACE /* Pods_LeisureMapUITests.framework */,
			);
			name = Frameworks;
			sourceTree = "<group>";
		};
		AD465843210AAAB8006F02BD /* Model */ = {
			isa = PBXGroup;
			children = (
				AD465844210AAAD4006F02BD /* ServiceCategory.swift */,
				AD465846210AAB68006F02BD /* Store.swift */,
			);
			path = Model;
			sourceTree = "<group>";
		};
		AD46584E210AFF30006F02BD /* CellView */ = {
			isa = PBXGroup;
			children = (
				AD46584F210AFFB2006F02BD /* ServiceCellView.swift */,
				AD6E257C210B073000BD02EF /* StoreCellView.swift */,
			);
			path = CellView;
			sourceTree = "<group>";
		};
		AD54F53D2105D621007A2114 = {
			isa = PBXGroup;
			children = (
				AD54F5482105D621007A2114 /* LeisureMap */,
				AD54F55D2105D622007A2114 /* LeisureMapTests */,
				AD54F5682105D622007A2114 /* LeisureMapUITests */,
				AD54F5472105D621007A2114 /* Products */,
				2088951677832851DFD9BB29 /* Pods */,
				7618EBCD4FC3194CC48EB802 /* Frameworks */,
			);
			sourceTree = "<group>";
		};
		AD54F5472105D621007A2114 /* Products */ = {
			isa = PBXGroup;
			children = (
				AD54F5462105D621007A2114 /* LeisureMap.app */,
				AD54F55A2105D622007A2114 /* LeisureMapTests.xctest */,
				AD54F5652105D622007A2114 /* LeisureMapUITests.xctest */,
			);
			name = Products;
			sourceTree = "<group>";
		};
		AD54F5482105D621007A2114 /* LeisureMap */ = {
			isa = PBXGroup;
			children = (
				AD62A0CA210D4B0000B9A38D /* Resources */,
				AD465843210AAAB8006F02BD /* Model */,
				ADD80E522109615200A7DBEB /* Worker */,
				AD76006A21085917003F7733 /* NoteFlow */,
				AD760067210858DD003F7733 /* MapFlow */,
				AD76006221085896003F7733 /* MasterDetail */,
				AD54F5792105DB48007A2114 /* LoginFlow */,
				AD54F5492105D621007A2114 /* AppDelegate.swift */,
				AD00DD8F210D9D2D0032938D /* Info.plist */,
				AD54F54B2105D621007A2114 /* ViewController.swift */,
				AD54F54D2105D621007A2114 /* Main.storyboard */,
				AD465848210AB972006F02BD /* Assets.xcassets */,
				AD54F5772105DB03007A2114 /* SplashViewController.swift */,
				AD00DD88210D98AB0032938D /* InfoPlist.strings */,
			);
			path = LeisureMap;
			sourceTree = "<group>";
		};
		AD54F55D2105D622007A2114 /* LeisureMapTests */ = {
			isa = PBXGroup;
			children = (
				AD54F55E2105D622007A2114 /* LeisureMapTests.swift */,
				AD54F5602105D622007A2114 /* Info.plist */,
			);
			path = LeisureMapTests;
			sourceTree = "<group>";
		};
		AD54F5682105D622007A2114 /* LeisureMapUITests */ = {
			isa = PBXGroup;
			children = (
				AD54F5692105D622007A2114 /* LeisureMapUITests.swift */,
				AD54F56B2105D622007A2114 /* Info.plist */,
			);
			path = LeisureMapUITests;
			sourceTree = "<group>";
		};
		AD54F5792105DB48007A2114 /* LoginFlow */ = {
			isa = PBXGroup;
			children = (
				AD54F57A2105DB66007A2114 /* LoginViewController.swift */,
			);
			path = LoginFlow;
			sourceTree = "<group>";
		};
		AD62A0CA210D4B0000B9A38D /* Resources */ = {
			isa = PBXGroup;
			children = (
				AD62A0CB210D4E7D00B9A38D /* sample_js.txt */,
				AD62A0C8210D47B600B9A38D /* sample.html */,
				ADA04E97210C5284007853F6 /* abc.edu.gpx */,
			);
			path = Resources;
			sourceTree = "<group>";
		};
		AD76006221085896003F7733 /* MasterDetail */ = {
			isa = PBXGroup;
			children = (
				AD46584E210AFF30006F02BD /* CellView */,
				AD760063210858BD003F7733 /* MasterViewController.swift */,
				AD760065210858D2003F7733 /* DetailViewController.swift */,
			);
			path = MasterDetail;
			sourceTree = "<group>";
		};
		AD760067210858DD003F7733 /* MapFlow */ = {
			isa = PBXGroup;
			children = (
				AD76006B2108592F003F7733 /* WebViewController.swift */,
				ADA04E9B210C69EF007853F6 /* MapFlag.swift */,
				AD76006821085911003F7733 /* MapViewController.swift */,
				ADA04E99210C63D2007853F6 /* LocationTransform.swift */,
			);
			path = MapFlow;
			sourceTree = "<group>";
		};
		AD76006A21085917003F7733 /* NoteFlow */ = {
			isa = PBXGroup;
			children = (
				AD62A0C6210D448800B9A38D /* NoteViewController.swift */,
			);
			path = NoteFlow;
			sourceTree = "<group>";
		};
		ADD80E522109615200A7DBEB /* Worker */ = {
			isa = PBXGroup;
			children = (
				AD46584A210ABEDF006F02BD /* SQLiteWorker.swift */,
				ADD80E532109618400A7DBEB /* NetWorker.swift */,
				ADAE437C2109CF6B0040AABD /* FileWorker.swift */,
			);
			path = Worker;
			sourceTree = "<group>";
		};
/* End PBXGroup section */

/* Begin PBXNativeTarget section */
		AD54F5452105D621007A2114 /* LeisureMap */ = {
			isa = PBXNativeTarget;
			buildConfigurationList = AD54F56E2105D622007A2114 /* Build configuration list for PBXNativeTarget "LeisureMap" */;
			buildPhases = (
				00739C8092BCE21C5F270DE1 /* [CP] Check Pods Manifest.lock */,
				AD54F5422105D621007A2114 /* Sources */,
				AD54F5432105D621007A2114 /* Frameworks */,
				AD54F5442105D621007A2114 /* Resources */,
				F0EB7FA6EE83C4742041566B /* [CP] Embed Pods Frameworks */,
			);
			buildRules = (
			);
			dependencies = (
			);
			name = LeisureMap;
			productName = LeisureMap;
			productReference = AD54F5462105D621007A2114 /* LeisureMap.app */;
			productType = "com.apple.product-type.application";
		};
		AD54F5592105D622007A2114 /* LeisureMapTests */ = {
			isa = PBXNativeTarget;
			buildConfigurationList = AD54F5712105D622007A2114 /* Build configuration list for PBXNativeTarget "LeisureMapTests" */;
			buildPhases = (
				A70DC9803CEC35302B972BC8 /* [CP] Check Pods Manifest.lock */,
				AD54F5562105D622007A2114 /* Sources */,
				AD54F5572105D622007A2114 /* Frameworks */,
				AD54F5582105D622007A2114 /* Resources */,
			);
			buildRules = (
			);
			dependencies = (
				AD54F55C2105D622007A2114 /* PBXTargetDependency */,
			);
			name = LeisureMapTests;
			productName = LeisureMapTests;
			productReference = AD54F55A2105D622007A2114 /* LeisureMapTests.xctest */;
			productType = "com.apple.product-type.bundle.unit-test";
		};
		AD54F5642105D622007A2114 /* LeisureMapUITests */ = {
			isa = PBXNativeTarget;
			buildConfigurationList = AD54F5742105D622007A2114 /* Build configuration list for PBXNativeTarget "LeisureMapUITests" */;
			buildPhases = (
				599A9C061D45B05BB50F89F2 /* [CP] Check Pods Manifest.lock */,
				AD54F5612105D622007A2114 /* Sources */,
				AD54F5622105D622007A2114 /* Frameworks */,
				AD54F5632105D622007A2114 /* Resources */,
			);
			buildRules = (
			);
			dependencies = (
				AD54F5672105D622007A2114 /* PBXTargetDependency */,
			);
			name = LeisureMapUITests;
			productName = LeisureMapUITests;
			productReference = AD54F5652105D622007A2114 /* LeisureMapUITests.xctest */;
			productType = "com.apple.product-type.bundle.ui-testing";
		};
/* End PBXNativeTarget section */

/* Begin PBXProject section */
		AD54F53E2105D621007A2114 /* Project object */ = {
			isa = PBXProject;
			attributes = {
				LastSwiftUpdateCheck = 1000;
				LastUpgradeCheck = 1000;
				ORGANIZATIONNAME = YungFan;
				TargetAttributes = {
					AD54F5452105D621007A2114 = {
						CreatedOnToolsVersion = 10.0;
					};
					AD54F5592105D622007A2114 = {
						CreatedOnToolsVersion = 10.0;
						TestTargetID = AD54F5452105D621007A2114;
					};
					AD54F5642105D622007A2114 = {
						CreatedOnToolsVersion = 10.0;
						TestTargetID = AD54F5452105D621007A2114;
					};
				};
			};
			buildConfigurationList = AD54F5412105D621007A2114 /* Build configuration list for PBXProject "LeisureMap" */;
			compatibilityVersion = "Xcode 9.3";
			developmentRegion = en;
			hasScannedForEncodings = 0;
			knownRegions = (
				Base,
				"zh-Hans",
			);
			mainGroup = AD54F53D2105D621007A2114;
			productRefGroup = AD54F5472105D621007A2114 /* Products */;
			projectDirPath = "";
			projectRoot = "";
			targets = (
				AD54F5452105D621007A2114 /* LeisureMap */,
				AD54F5592105D622007A2114 /* LeisureMapTests */,
				AD54F5642105D622007A2114 /* LeisureMapUITests */,
			);
		};
/* End PBXProject section */

/* Begin PBXResourcesBuildPhase section */
		AD54F5442105D621007A2114 /* Resources */ = {
			isa = PBXResourcesBuildPhase;
			buildActionMask = 2147483647;
			files = (
				AD465849210AB972006F02BD /* Assets.xcassets in Resources */,
				AD00DD86210D98AB0032938D /* InfoPlist.strings in Resources */,
				ADA04E98210C5284007853F6 /* abc.edu.gpx in Resources */,
				AD62A0CC210D4E7D00B9A38D /* sample_js.txt in Resources */,
				AD62A0C9210D47B600B9A38D /* sample.html in Resources */,
				AD54F54F2105D621007A2114 /* Main.storyboard in Resources */,
			);
			runOnlyForDeploymentPostprocessing = 0;
		};
		AD54F5582105D622007A2114 /* Resources */ = {
			isa = PBXResourcesBuildPhase;
			buildActionMask = 2147483647;
			files = (
			);
			runOnlyForDeploymentPostprocessing = 0;
		};
		AD54F5632105D622007A2114 /* Resources */ = {
			isa = PBXResourcesBuildPhase;
			buildActionMask = 2147483647;
			files = (
			);
			runOnlyForDeploymentPostprocessing = 0;
		};
/* End PBXResourcesBuildPhase section */

/* Begin PBXShellScriptBuildPhase section */
		00739C8092BCE21C5F270DE1 /* [CP] Check Pods Manifest.lock */ = {
			isa = PBXShellScriptBuildPhase;
			buildActionMask = 2147483647;
			files = (
			);
			inputPaths = (
				"${PODS_PODFILE_DIR_PATH}/Podfile.lock",
				"${PODS_ROOT}/Manifest.lock",
			);
			name = "[CP] Check Pods Manifest.lock";
			outputPaths = (
				"$(DERIVED_FILE_DIR)/Pods-LeisureMap-checkManifestLockResult.txt",
			);
			runOnlyForDeploymentPostprocessing = 0;
			shellPath = /bin/sh;
			shellScript = "diff \"${PODS_PODFILE_DIR_PATH}/Podfile.lock\" \"${PODS_ROOT}/Manifest.lock\" > /dev/null\nif [ $? != 0 ] ; then\n    # print error to STDERR\n    echo \"error: The sandbox is not in sync with the Podfile.lock. Run 'pod install' or update your CocoaPods installation.\" >&2\n    exit 1\nfi\n# This output is used by Xcode 'outputs' to avoid re-running this script phase.\necho \"SUCCESS\" > \"${SCRIPT_OUTPUT_FILE_0}\"\n";
			showEnvVarsInLog = 0;
		};
		599A9C061D45B05BB50F89F2 /* [CP] Check Pods Manifest.lock */ = {
			isa = PBXShellScriptBuildPhase;
			buildActionMask = 2147483647;
			files = (
			);
			inputPaths = (
				"${PODS_PODFILE_DIR_PATH}/Podfile.lock",
				"${PODS_ROOT}/Manifest.lock",
			);
			name = "[CP] Check Pods Manifest.lock";
			outputPaths = (
				"$(DERIVED_FILE_DIR)/Pods-LeisureMapUITests-checkManifestLockResult.txt",
			);
			runOnlyForDeploymentPostprocessing = 0;
			shellPath = /bin/sh;
			shellScript = "diff \"${PODS_PODFILE_DIR_PATH}/Podfile.lock\" \"${PODS_ROOT}/Manifest.lock\" > /dev/null\nif [ $? != 0 ] ; then\n    # print error to STDERR\n    echo \"error: The sandbox is not in sync with the Podfile.lock. Run 'pod install' or update your CocoaPods installation.\" >&2\n    exit 1\nfi\n# This output is used by Xcode 'outputs' to avoid re-running this script phase.\necho \"SUCCESS\" > \"${SCRIPT_OUTPUT_FILE_0}\"\n";
			showEnvVarsInLog = 0;
		};
		A70DC9803CEC35302B972BC8 /* [CP] Check Pods Manifest.lock */ = {
			isa = PBXShellScriptBuildPhase;
			buildActionMask = 2147483647;
			files = (
			);
			inputPaths = (
				"${PODS_PODFILE_DIR_PATH}/Podfile.lock",
				"${PODS_ROOT}/Manifest.lock",
			);
			name = "[CP] Check Pods Manifest.lock";
			outputPaths = (
				"$(DERIVED_FILE_DIR)/Pods-LeisureMapTests-checkManifestLockResult.txt",
			);
			runOnlyForDeploymentPostprocessing = 0;
			shellPath = /bin/sh;
			shellScript = "diff \"${PODS_PODFILE_DIR_PATH}/Podfile.lock\" \"${PODS_ROOT}/Manifest.lock\" > /dev/null\nif [ $? != 0 ] ; then\n    # print error to STDERR\n    echo \"error: The sandbox is not in sync with the Podfile.lock. Run 'pod install' or update your CocoaPods installation.\" >&2\n    exit 1\nfi\n# This output is used by Xcode 'outputs' to avoid re-running this script phase.\necho \"SUCCESS\" > \"${SCRIPT_OUTPUT_FILE_0}\"\n";
			showEnvVarsInLog = 0;
		};
		F0EB7FA6EE83C4742041566B /* [CP] Embed Pods Frameworks */ = {
			isa = PBXShellScriptBuildPhase;
			buildActionMask = 2147483647;
			files = (
			);
			inputPaths = (
				"${SRCROOT}/Pods/Target Support Files/Pods-LeisureMap/Pods-LeisureMap-frameworks.sh",
				"${BUILT_PRODUCTS_DIR}/SDWebImage/SDWebImage.framework",
				"${BUILT_PRODUCTS_DIR}/SQLite.swift/SQLite.framework",
			);
			name = "[CP] Embed Pods Frameworks";
			outputPaths = (
				"${TARGET_BUILD_DIR}/${FRAMEWORKS_FOLDER_PATH}/SDWebImage.framework",
				"${TARGET_BUILD_DIR}/${FRAMEWORKS_FOLDER_PATH}/SQLite.framework",
			);
			runOnlyForDeploymentPostprocessing = 0;
			shellPath = /bin/sh;
			shellScript = "\"${SRCROOT}/Pods/Target Support Files/Pods-LeisureMap/Pods-LeisureMap-frameworks.sh\"\n";
			showEnvVarsInLog = 0;
		};
/* End PBXShellScriptBuildPhase section */

/* Begin PBXSourcesBuildPhase section */
		AD54F5422105D621007A2114 /* Sources */ = {
			isa = PBXSourcesBuildPhase;
			buildActionMask = 2147483647;
			files = (
				ADA04E9C210C69EF007853F6 /* MapFlag.swift in Sources */,
				AD76006C2108592F003F7733 /* WebViewController.swift in Sources */,
				AD760064210858BD003F7733 /* MasterViewController.swift in Sources */,
				AD54F57B2105DB66007A2114 /* LoginViewController.swift in Sources */,
				AD62A0C7210D448800B9A38D /* NoteViewController.swift in Sources */,
				AD465845210AAAD4006F02BD /* ServiceCategory.swift in Sources */,
				AD54F5782105DB03007A2114 /* SplashViewController.swift in Sources */,
				AD46584B210ABEDF006F02BD /* SQLiteWorker.swift in Sources */,
				AD760066210858D2003F7733 /* DetailViewController.swift in Sources */,
				ADA04E9A210C63D2007853F6 /* LocationTransform.swift in Sources */,
				AD54F54C2105D621007A2114 /* ViewController.swift in Sources */,
				AD465847210AAB68006F02BD /* Store.swift in Sources */,
				AD6E257D210B073000BD02EF /* StoreCellView.swift in Sources */,
				AD54F54A2105D621007A2114 /* AppDelegate.swift in Sources */,
				AD76006921085911003F7733 /* MapViewController.swift in Sources */,
				ADD80E542109618400A7DBEB /* NetWorker.swift in Sources */,
				AD465850210AFFB2006F02BD /* ServiceCellView.swift in Sources */,
				ADAE437D2109CF6B0040AABD /* FileWorker.swift in Sources */,
			);
			runOnlyForDeploymentPostprocessing = 0;
		};
		AD54F5562105D622007A2114 /* Sources */ = {
			isa = PBXSourcesBuildPhase;
			buildActionMask = 2147483647;
			files = (
				AD54F55F2105D622007A2114 /* LeisureMapTests.swift in Sources */,
			);
			runOnlyForDeploymentPostprocessing = 0;
		};
		AD54F5612105D622007A2114 /* Sources */ = {
			isa = PBXSourcesBuildPhase;
			buildActionMask = 2147483647;
			files = (
				AD54F56A2105D622007A2114 /* LeisureMapUITests.swift in Sources */,
			);
			runOnlyForDeploymentPostprocessing = 0;
		};
/* End PBXSourcesBuildPhase section */

/* Begin PBXTargetDependency section */
		AD54F55C2105D622007A2114 /* PBXTargetDependency */ = {
			isa = PBXTargetDependency;
			target = AD54F5452105D621007A2114 /* LeisureMap */;
			targetProxy = AD54F55B2105D622007A2114 /* PBXContainerItemProxy */;
		};
		AD54F5672105D622007A2114 /* PBXTargetDependency */ = {
			isa = PBXTargetDependency;
			target = AD54F5452105D621007A2114 /* LeisureMap */;
			targetProxy = AD54F5662105D622007A2114 /* PBXContainerItemProxy */;
		};
/* End PBXTargetDependency section */

/* Begin PBXVariantGroup section */
		AD00DD88210D98AB0032938D /* InfoPlist.strings */ = {
			isa = PBXVariantGroup;
			children = (
				AD00DD87210D98AB0032938D /* en */,
				AD00DD8E210D9A290032938D /* zh-Hans */,
			);
			name = InfoPlist.strings;
			sourceTree = "<group>";
		};
		AD54F54D2105D621007A2114 /* Main.storyboard */ = {
			isa = PBXVariantGroup;
			children = (
				AD54F54E2105D621007A2114 /* Base */,
				AD00DD8D210D9A190032938D /* zh-Hans */,
			);
			name = Main.storyboard;
			sourceTree = "<group>";
		};
/* End PBXVariantGroup section */

/* Begin XCBuildConfiguration section */
		AD54F56C2105D622007A2114 /* Debug */ = {
			isa = XCBuildConfiguration;
			buildSettings = {
				ALWAYS_SEARCH_USER_PATHS = NO;
				CLANG_ANALYZER_LOCALIZABILITY_NONLOCALIZED = YES;
				CLANG_ANALYZER_NONNULL = YES;
				CLANG_ANALYZER_NUMBER_OBJECT_CONVERSION = YES_AGGRESSIVE;
				CLANG_CXX_LANGUAGE_STANDARD = "gnu++14";
				CLANG_CXX_LIBRARY = "libc++";
				CLANG_ENABLE_MODULES = YES;
				CLANG_ENABLE_OBJC_ARC = YES;
				CLANG_ENABLE_OBJC_WEAK = YES;
				CLANG_WARN_BLOCK_CAPTURE_AUTORELEASING = YES;
				CLANG_WARN_BOOL_CONVERSION = YES;
				CLANG_WARN_COMMA = YES;
				CLANG_WARN_CONSTANT_CONVERSION = YES;
				CLANG_WARN_DEPRECATED_OBJC_IMPLEMENTATIONS = YES;
				CLANG_WARN_DIRECT_OBJC_ISA_USAGE = YES_ERROR;
				CLANG_WARN_DOCUMENTATION_COMMENTS = YES;
				CLANG_WARN_EMPTY_BODY = YES;
				CLANG_WARN_ENUM_CONVERSION = YES;
				CLANG_WARN_INFINITE_RECURSION = YES;
				CLANG_WARN_INT_CONVERSION = YES;
				CLANG_WARN_NON_LITERAL_NULL_CONVERSION = YES;
				CLANG_WARN_OBJC_IMPLICIT_RETAIN_SELF = YES;
				CLANG_WARN_OBJC_LITERAL_CONVERSION = YES;
				CLANG_WARN_OBJC_ROOT_CLASS = YES_ERROR;
				CLANG_WARN_RANGE_LOOP_ANALYSIS = YES;
				CLANG_WARN_STRICT_PROTOTYPES = YES;
				CLANG_WARN_SUSPICIOUS_MOVE = YES;
				CLANG_WARN_UNGUARDED_AVAILABILITY = YES_AGGRESSIVE;
				CLANG_WARN_UNREACHABLE_CODE = YES;
				CLANG_WARN__DUPLICATE_METHOD_MATCH = YES;
				CODE_SIGN_IDENTITY = "iPhone Developer";
				COPY_PHASE_STRIP = NO;
				DEBUG_INFORMATION_FORMAT = dwarf;
				ENABLE_STRICT_OBJC_MSGSEND = YES;
				ENABLE_TESTABILITY = YES;
				GCC_C_LANGUAGE_STANDARD = gnu11;
				GCC_DYNAMIC_NO_PIC = NO;
				GCC_NO_COMMON_BLOCKS = YES;
				GCC_OPTIMIZATION_LEVEL = 0;
				GCC_PREPROCESSOR_DEFINITIONS = (
					"DEBUG=1",
					"$(inherited)",
				);
				GCC_WARN_64_TO_32_BIT_CONVERSION = YES;
				GCC_WARN_ABOUT_RETURN_TYPE = YES_ERROR;
				GCC_WARN_UNDECLARED_SELECTOR = YES;
				GCC_WARN_UNINITIALIZED_AUTOS = YES_AGGRESSIVE;
				GCC_WARN_UNUSED_FUNCTION = YES;
				GCC_WARN_UNUSED_VARIABLE = YES;
				IPHONEOS_DEPLOYMENT_TARGET = 12.0;
				MTL_ENABLE_DEBUG_INFO = INCLUDE_SOURCE;
				MTL_FAST_MATH = YES;
				ONLY_ACTIVE_ARCH = YES;
				SDKROOT = iphoneos;
				SWIFT_ACTIVE_COMPILATION_CONDITIONS = DEBUG;
				SWIFT_OPTIMIZATION_LEVEL = "-Onone";
			};
			name = Debug;
		};
		AD54F56D2105D622007A2114 /* Release */ = {
			isa = XCBuildConfiguration;
			buildSettings = {
				ALWAYS_SEARCH_USER_PATHS = NO;
				CLANG_ANALYZER_LOCALIZABILITY_NONLOCALIZED = YES;
				CLANG_ANALYZER_NONNULL = YES;
				CLANG_ANALYZER_NUMBER_OBJECT_CONVERSION = YES_AGGRESSIVE;
				CLANG_CXX_LANGUAGE_STANDARD = "gnu++14";
				CLANG_CXX_LIBRARY = "libc++";
				CLANG_ENABLE_MODULES = YES;
				CLANG_ENABLE_OBJC_ARC = YES;
				CLANG_ENABLE_OBJC_WEAK = YES;
				CLANG_WARN_BLOCK_CAPTURE_AUTORELEASING = YES;
				CLANG_WARN_BOOL_CONVERSION = YES;
				CLANG_WARN_COMMA = YES;
				CLANG_WARN_CONSTANT_CONVERSION = YES;
				CLANG_WARN_DEPRECATED_OBJC_IMPLEMENTATIONS = YES;
				CLANG_WARN_DIRECT_OBJC_ISA_USAGE = YES_ERROR;
				CLANG_WARN_DOCUMENTATION_COMMENTS = YES;
				CLANG_WARN_EMPTY_BODY = YES;
				CLANG_WARN_ENUM_CONVERSION = YES;
				CLANG_WARN_INFINITE_RECURSION = YES;
				CLANG_WARN_INT_CONVERSION = YES;
				CLANG_WARN_NON_LITERAL_NULL_CONVERSION = YES;
				CLANG_WARN_OBJC_IMPLICIT_RETAIN_SELF = YES;
				CLANG_WARN_OBJC_LITERAL_CONVERSION = YES;
				CLANG_WARN_OBJC_ROOT_CLASS = YES_ERROR;
				CLANG_WARN_RANGE_LOOP_ANALYSIS = YES;
				CLANG_WARN_STRICT_PROTOTYPES = YES;
				CLANG_WARN_SUSPICIOUS_MOVE = YES;
				CLANG_WARN_UNGUARDED_AVAILABILITY = YES_AGGRESSIVE;
				CLANG_WARN_UNREACHABLE_CODE = YES;
				CLANG_WARN__DUPLICATE_METHOD_MATCH = YES;
				CODE_SIGN_IDENTITY = "iPhone Developer";
				COPY_PHASE_STRIP = NO;
				DEBUG_INFORMATION_FORMAT = "dwarf-with-dsym";
				ENABLE_NS_ASSERTIONS = NO;
				ENABLE_STRICT_OBJC_MSGSEND = YES;
				GCC_C_LANGUAGE_STANDARD = gnu11;
				GCC_NO_COMMON_BLOCKS = YES;
				GCC_WARN_64_TO_32_BIT_CONVERSION = YES;
				GCC_WARN_ABOUT_RETURN_TYPE = YES_ERROR;
				GCC_WARN_UNDECLARED_SELECTOR = YES;
				GCC_WARN_UNINITIALIZED_AUTOS = YES_AGGRESSIVE;
				GCC_WARN_UNUSED_FUNCTION = YES;
				GCC_WARN_UNUSED_VARIABLE = YES;
				IPHONEOS_DEPLOYMENT_TARGET = 12.0;
				MTL_ENABLE_DEBUG_INFO = NO;
				MTL_FAST_MATH = YES;
				SDKROOT = iphoneos;
				SWIFT_COMPILATION_MODE = wholemodule;
				SWIFT_OPTIMIZATION_LEVEL = "-O";
				VALIDATE_PRODUCT = YES;
			};
			name = Release;
		};
		AD54F56F2105D622007A2114 /* Debug */ = {
			isa = XCBuildConfiguration;
			baseConfigurationReference = 989F31757CBF9EE4C16FCBE2 /* Pods-LeisureMap.debug.xcconfig */;
			buildSettings = {
				ASSETCATALOG_COMPILER_APPICON_NAME = AppIcon;
				ASSETCATALOG_COMPILER_LAUNCHIMAGE_NAME = LaunchImage;
				CODE_SIGN_STYLE = Automatic;
				DEVELOPMENT_TEAM = QF8H8R2NAV;
				INFOPLIST_FILE = LeisureMap/Info.plist;
				IPHONEOS_DEPLOYMENT_TARGET = 11.0;
				LD_RUNPATH_SEARCH_PATHS = "$(inherited) @executable_path/Frameworks";
				PRODUCT_BUNDLE_IDENTIFIER = cn.edu.abc.LeisureMap;
				PRODUCT_NAME = "$(TARGET_NAME)";
				SWIFT_VERSION = 4.2;
				TARGETED_DEVICE_FAMILY = "1,2";
			};
			name = Debug;
		};
		AD54F5702105D622007A2114 /* Release */ = {
			isa = XCBuildConfiguration;
			baseConfigurationReference = F09D4BB5BA019BD804BFE29A /* Pods-LeisureMap.release.xcconfig */;
			buildSettings = {
				ASSETCATALOG_COMPILER_APPICON_NAME = AppIcon;
				ASSETCATALOG_COMPILER_LAUNCHIMAGE_NAME = LaunchImage;
				CODE_SIGN_STYLE = Automatic;
				DEVELOPMENT_TEAM = QF8H8R2NAV;
				INFOPLIST_FILE = LeisureMap/Info.plist;
				IPHONEOS_DEPLOYMENT_TARGET = 11.0;
				LD_RUNPATH_SEARCH_PATHS = "$(inherited) @executable_path/Frameworks";
				PRODUCT_BUNDLE_IDENTIFIER = cn.edu.abc.LeisureMap;
				PRODUCT_NAME = "$(TARGET_NAME)";
				SWIFT_VERSION = 4.2;
				TARGETED_DEVICE_FAMILY = "1,2";
			};
			name = Release;
		};
		AD54F5722105D622007A2114 /* Debug */ = {
			isa = XCBuildConfiguration;
			baseConfigurationReference = F756D75B805025E3A9F803DA /* Pods-LeisureMapTests.debug.xcconfig */;
			buildSettings = {
				ALWAYS_EMBED_SWIFT_STANDARD_LIBRARIES = YES;
				BUNDLE_LOADER = "$(TEST_HOST)";
				CODE_SIGN_STYLE = Automatic;
				DEVELOPMENT_TEAM = Z55FN6W3PH;
				INFOPLIST_FILE = LeisureMapTests/Info.plist;
				LD_RUNPATH_SEARCH_PATHS = "$(inherited) @executable_path/Frameworks @loader_path/Frameworks";
				PRODUCT_BUNDLE_IDENTIFIER = cn.edu.abc.LeisureMapTests;
				PRODUCT_NAME = "$(TARGET_NAME)";
				SWIFT_VERSION = 4.2;
				TARGETED_DEVICE_FAMILY = "1,2";
				TEST_HOST = "$(BUILT_PRODUCTS_DIR)/LeisureMap.app/LeisureMap";
			};
			name = Debug;
		};
		AD54F5732105D622007A2114 /* Release */ = {
			isa = XCBuildConfiguration;
			baseConfigurationReference = 19683EEEF9DE661FF2E19D77 /* Pods-LeisureMapTests.release.xcconfig */;
			buildSettings = {
				ALWAYS_EMBED_SWIFT_STANDARD_LIBRARIES = YES;
				BUNDLE_LOADER = "$(TEST_HOST)";
				CODE_SIGN_STYLE = Automatic;
				DEVELOPMENT_TEAM = Z55FN6W3PH;
				INFOPLIST_FILE = LeisureMapTests/Info.plist;
				LD_RUNPATH_SEARCH_PATHS = "$(inherited) @executable_path/Frameworks @loader_path/Frameworks";
				PRODUCT_BUNDLE_IDENTIFIER = cn.edu.abc.LeisureMapTests;
				PRODUCT_NAME = "$(TARGET_NAME)";
				SWIFT_VERSION = 4.2;
				TARGETED_DEVICE_FAMILY = "1,2";
				TEST_HOST = "$(BUILT_PRODUCTS_DIR)/LeisureMap.app/LeisureMap";
			};
			name = Release;
		};
		AD54F5752105D622007A2114 /* Debug */ = {
			isa = XCBuildConfiguration;
			baseConfigurationReference = 84086AB94A8DC546A8DD5497 /* Pods-LeisureMapUITests.debug.xcconfig */;
			buildSettings = {
				ALWAYS_EMBED_SWIFT_STANDARD_LIBRARIES = YES;
				CODE_SIGN_STYLE = Automatic;
				DEVELOPMENT_TEAM = Z55FN6W3PH;
				INFOPLIST_FILE = LeisureMapUITests/Info.plist;
				LD_RUNPATH_SEARCH_PATHS = "$(inherited) @executable_path/Frameworks @loader_path/Frameworks";
				PRODUCT_BUNDLE_IDENTIFIER = cn.edu.abc.LeisureMapUITests;
				PRODUCT_NAME = "$(TARGET_NAME)";
				SWIFT_VERSION = 4.2;
				TARGETED_DEVICE_FAMILY = "1,2";
				TEST_TARGET_NAME = LeisureMap;
			};
			name = Debug;
		};
		AD54F5762105D622007A2114 /* Release */ = {
			isa = XCBuildConfiguration;
			baseConfigurationReference = C508D47469E7EDDE1C5ED4C8 /* Pods-LeisureMapUITests.release.xcconfig */;
			buildSettings = {
				ALWAYS_EMBED_SWIFT_STANDARD_LIBRARIES = YES;
				CODE_SIGN_STYLE = Automatic;
				DEVELOPMENT_TEAM = Z55FN6W3PH;
				INFOPLIST_FILE = LeisureMapUITests/Info.plist;
				LD_RUNPATH_SEARCH_PATHS = "$(inherited) @executable_path/Frameworks @loader_path/Frameworks";
				PRODUCT_BUNDLE_IDENTIFIER = cn.edu.abc.LeisureMapUITests;
				PRODUCT_NAME = "$(TARGET_NAME)";
				SWIFT_VERSION = 4.2;
				TARGETED_DEVICE_FAMILY = "1,2";
				TEST_TARGET_NAME = LeisureMap;
			};
			name = Release;
		};
/* End XCBuildConfiguration section */

/* Begin XCConfigurationList section */
		AD54F5412105D621007A2114 /* Build configuration list for PBXProject "LeisureMap" */ = {
			isa = XCConfigurationList;
			buildConfigurations = (
				AD54F56C2105D622007A2114 /* Debug */,
				AD54F56D2105D622007A2114 /* Release */,
			);
			defaultConfigurationIsVisible = 0;
			defaultConfigurationName = Release;
		};
		AD54F56E2105D622007A2114 /* Build configuration list for PBXNativeTarget "LeisureMap" */ = {
			isa = XCConfigurationList;
			buildConfigurations = (
				AD54F56F2105D622007A2114 /* Debug */,
				AD54F5702105D622007A2114 /* Release */,
			);
			defaultConfigurationIsVisible = 0;
			defaultConfigurationName = Release;
		};
		AD54F5712105D622007A2114 /* Build configuration list for PBXNativeTarget "LeisureMapTests" */ = {
			isa = XCConfigurationList;
			buildConfigurations = (
				AD54F5722105D622007A2114 /* Debug */,
				AD54F5732105D622007A2114 /* Release */,
			);
			defaultConfigurationIsVisible = 0;
			defaultConfigurationName = Release;
		};
		AD54F5742105D622007A2114 /* Build configuration list for PBXNativeTarget "LeisureMapUITests" */ = {
			isa = XCConfigurationList;
			buildConfigurations = (
				AD54F5752105D622007A2114 /* Debug */,
				AD54F5762105D622007A2114 /* Release */,
			);
			defaultConfigurationIsVisible = 0;
			defaultConfigurationName = Release;
		};
/* End XCConfigurationList section */
	};
	rootObject = AD54F53E2105D621007A2114 /* Project object */;
}
