// !$*UTF8*$!
{
	archiveVersion = 1;
	classes = {
	};
	objectVersion = 50;
	objects = {

/* Begin PBXBuildFile section */
		AD54F5102105C7B9007A2114 /* AppDelegate.swift in Sources */ = {isa = PBXBuildFile; fileRef = AD54F50F2105C7B9007A2114 /* AppDelegate.swift */; };
		AD54F5122105C7B9007A2114 /* ViewController.swift in Sources */ = {isa = PBXBuildFile; fileRef = AD54F5112105C7B9007A2114 /* ViewController.swift */; };
		AD54F5152105C7B9007A2114 /* Main.storyboard in Resources */ = {isa = PBXBuildFile; fileRef = AD54F5132105C7B9007A2114 /* Main.storyboard */; };
		AD54F5172105C7BA007A2114 /* Assets.xcassets in Resources */ = {isa = PBXBuildFile; fileRef = AD54F5162105C7BA007A2114 /* Assets.xcassets */; };
		AD54F51A2105C7BA007A2114 /* LaunchScreen.storyboard in Resources */ = {isa = PBXBuildFile; fileRef = AD54F5182105C7BA007A2114 /* LaunchScreen.storyboard */; };
		AD54F5252105C7BA007A2114 /* Lecture04Tests.swift in Sources */ = {isa = PBXBuildFile; fileRef = AD54F5242105C7BA007A2114 /* Lecture04Tests.swift */; };
		AD54F5302105C7BA007A2114 /* Lecture04UITests.swift in Sources */ = {isa = PBXBuildFile; fileRef = AD54F52F2105C7BA007A2114 /* Lecture04UITests.swift */; };
/* End PBXBuildFile section */

/* Begin PBXContainerItemProxy section */
		AD54F5212105C7BA007A2114 /* PBXContainerItemProxy */ = {
			isa = PBXContainerItemProxy;
			containerPortal = AD54F5042105C7B9007A2114 /* Project object */;
			proxyType = 1;
			remoteGlobalIDString = AD54F50B2105C7B9007A2114;
			remoteInfo = Lecture04;
		};
		AD54F52C2105C7BA007A2114 /* PBXContainerItemProxy */ = {
			isa = PBXContainerItemProxy;
			containerPortal = AD54F5042105C7B9007A2114 /* Project object */;
			proxyType = 1;
			remoteGlobalIDString = AD54F50B2105C7B9007A2114;
			remoteInfo = Lecture04;
		};
/* End PBXContainerItemProxy section */

/* Begin PBXFileReference section */
		AD54F50C2105C7B9007A2114 /* Lecture04.app */ = {isa = PBXFileReference; explicitFileType = wrapper.application; includeInIndex = 0; path = Lecture04.app; sourceTree = BUILT_PRODUCTS_DIR; };
		AD54F50F2105C7B9007A2114 /* AppDelegate.swift */ = {isa = PBXFileReference; lastKnownFileType = sourcecode.swift; path = AppDelegate.swift; sourceTree = "<group>"; };
		AD54F5112105C7B9007A2114 /* ViewController.swift */ = {isa = PBXFileReference; lastKnownFileType = sourcecode.swift; path = ViewController.swift; sourceTree = "<group>"; };
		AD54F5142105C7B9007A2114 /* Base */ = {isa = PBXFileReference; lastKnownFileType = file.storyboard; name = Base; path = Base.lproj/Main.storyboard; sourceTree = "<group>"; };
		AD54F5162105C7BA007A2114 /* Assets.xcassets */ = {isa = PBXFileReference; lastKnownFileType = folder.assetcatalog; path = Assets.xcassets; sourceTree = "<group>"; };
		AD54F5192105C7BA007A2114 /* Base */ = {isa = PBXFileReference; lastKnownFileType = file.storyboard; name = Base; path = Base.lproj/LaunchScreen.storyboard; sourceTree = "<group>"; };
		AD54F51B2105C7BA007A2114 /* Info.plist */ = {isa = PBXFileReference; lastKnownFileType = text.plist.xml; path = Info.plist; sourceTree = "<group>"; };
		AD54F5202105C7BA007A2114 /* Lecture04Tests.xctest */ = {isa = PBXFileReference; explicitFileType = wrapper.cfbundle; includeInIndex = 0; path = Lecture04Tests.xctest; sourceTree = BUILT_PRODUCTS_DIR; };
		AD54F5242105C7BA007A2114 /* Lecture04Tests.swift */ = {isa = PBXFileReference; lastKnownFileType = sourcecode.swift; path = Lecture04Tests.swift; sourceTree = "<group>"; };
		AD54F5262105C7BA007A2114 /* Info.plist */ = {isa = PBXFileReference; lastKnownFileType = text.plist.xml; path = Info.plist; sourceTree = "<group>"; };
		AD54F52B2105C7BA007A2114 /* Lecture04UITests.xctest */ = {isa = PBXFileReference; explicitFileType = wrapper.cfbundle; includeInIndex = 0; path = Lecture04UITests.xctest; sourceTree = BUILT_PRODUCTS_DIR; };
		AD54F52F2105C7BA007A2114 /* Lecture04UITests.swift */ = {isa = PBXFileReference; lastKnownFileType = sourcecode.swift; path = Lecture04UITests.swift; sourceTree = "<group>"; };
		AD54F5312105C7BA007A2114 /* Info.plist */ = {isa = PBXFileReference; lastKnownFileType = text.plist.xml; path = Info.plist; sourceTree = "<group>"; };
/* End PBXFileReference section */

/* Begin PBXFrameworksBuildPhase section */
		AD54F5092105C7B9007A2114 /* Frameworks */ = {
			isa = PBXFrameworksBuildPhase;
			buildActionMask = 2147483647;
			files = (
			);
			runOnlyForDeploymentPostprocessing = 0;
		};
		AD54F51D2105C7BA007A2114 /* Frameworks */ = {
			isa = PBXFrameworksBuildPhase;
			buildActionMask = 2147483647;
			files = (
			);
			runOnlyForDeploymentPostprocessing = 0;
		};
		AD54F5282105C7BA007A2114 /* Frameworks */ = {
			isa = PBXFrameworksBuildPhase;
			buildActionMask = 2147483647;
			files = (
			);
			runOnlyForDeploymentPostprocessing = 0;
		};
/* End PBXFrameworksBuildPhase section */

/* Begin PBXGroup section */
		AD54F5032105C7B9007A2114 = {
			isa = PBXGroup;
			children = (
				AD54F50E2105C7B9007A2114 /* Lecture04 */,
				AD54F5232105C7BA007A2114 /* Lecture04Tests */,
				AD54F52E2105C7BA007A2114 /* Lecture04UITests */,
				AD54F50D2105C7B9007A2114 /* Products */,
			);
			sourceTree = "<group>";
		};
		AD54F50D2105C7B9007A2114 /* Products */ = {
			isa = PBXGroup;
			children = (
				AD54F50C2105C7B9007A2114 /* Lecture04.app */,
				AD54F5202105C7BA007A2114 /* Lecture04Tests.xctest */,
				AD54F52B2105C7BA007A2114 /* Lecture04UITests.xctest */,
			);
			name = Products;
			sourceTree = "<group>";
		};
		AD54F50E2105C7B9007A2114 /* Lecture04 */ = {
			isa = PBXGroup;
			children = (
				AD54F50F2105C7B9007A2114 /* AppDelegate.swift */,
				AD54F5112105C7B9007A2114 /* ViewController.swift */,
				AD54F5132105C7B9007A2114 /* Main.storyboard */,
				AD54F5162105C7BA007A2114 /* Assets.xcassets */,
				AD54F5182105C7BA007A2114 /* LaunchScreen.storyboard */,
				AD54F51B2105C7BA007A2114 /* Info.plist */,
			);
			path = Lecture04;
			sourceTree = "<group>";
		};
		AD54F5232105C7BA007A2114 /* Lecture04Tests */ = {
			isa = PBXGroup;
			children = (
				AD54F5242105C7BA007A2114 /* Lecture04Tests.swift */,
				AD54F5262105C7BA007A2114 /* Info.plist */,
			);
			path = Lecture04Tests;
			sourceTree = "<group>";
		};
		AD54F52E2105C7BA007A2114 /* Lecture04UITests */ = {
			isa = PBXGroup;
			children = (
				AD54F52F2105C7BA007A2114 /* Lecture04UITests.swift */,
				AD54F5312105C7BA007A2114 /* Info.plist */,
			);
			path = Lecture04UITests;
			sourceTree = "<group>";
		};
/* End PBXGroup section */

/* Begin PBXNativeTarget section */
		AD54F50B2105C7B9007A2114 /* Lecture04 */ = {
			isa = PBXNativeTarget;
			buildConfigurationList = AD54F5342105C7BA007A2114 /* Build configuration list for PBXNativeTarget "Lecture04" */;
			buildPhases = (
				AD54F5082105C7B9007A2114 /* Sources */,
				AD54F5092105C7B9007A2114 /* Frameworks */,
				AD54F50A2105C7B9007A2114 /* Resources */,
			);
			buildRules = (
			);
			dependencies = (
			);
			name = Lecture04;
			productName = Lecture04;
			productReference = AD54F50C2105C7B9007A2114 /* Lecture04.app */;
			productType = "com.apple.product-type.application";
		};
		AD54F51F2105C7BA007A2114 /* Lecture04Tests */ = {
			isa = PBXNativeTarget;
			buildConfigurationList = AD54F5372105C7BA007A2114 /* Build configuration list for PBXNativeTarget "Lecture04Tests" */;
			buildPhases = (
				AD54F51C2105C7BA007A2114 /* Sources */,
				AD54F51D2105C7BA007A2114 /* Frameworks */,
				AD54F51E2105C7BA007A2114 /* Resources */,
			);
			buildRules = (
			);
			dependencies = (
				AD54F5222105C7BA007A2114 /* PBXTargetDependency */,
			);
			name = Lecture04Tests;
			productName = Lecture04Tests;
			productReference = AD54F5202105C7BA007A2114 /* Lecture04Tests.xctest */;
			productType = "com.apple.product-type.bundle.unit-test";
		};
		AD54F52A2105C7BA007A2114 /* Lecture04UITests */ = {
			isa = PBXNativeTarget;
			buildConfigurationList = AD54F53A2105C7BA007A2114 /* Build configuration list for PBXNativeTarget "Lecture04UITests" */;
			buildPhases = (
				AD54F5272105C7BA007A2114 /* Sources */,
				AD54F5282105C7BA007A2114 /* Frameworks */,
				AD54F5292105C7BA007A2114 /* Resources */,
			);
			buildRules = (
			);
			dependencies = (
				AD54F52D2105C7BA007A2114 /* PBXTargetDependency */,
			);
			name = Lecture04UITests;
			productName = Lecture04UITests;
			productReference = AD54F52B2105C7BA007A2114 /* Lecture04UITests.xctest */;
			productType = "com.apple.product-type.bundle.ui-testing";
		};
/* End PBXNativeTarget section */

/* Begin PBXProject section */
		AD54F5042105C7B9007A2114 /* Project object */ = {
			isa = PBXProject;
			attributes = {
				LastSwiftUpdateCheck = 1000;
				LastUpgradeCheck = 1000;
				ORGANIZATIONNAME = YungFan;
				TargetAttributes = {
					AD54F50B2105C7B9007A2114 = {
						CreatedOnToolsVersion = 10.0;
					};
					AD54F51F2105C7BA007A2114 = {
						CreatedOnToolsVersion = 10.0;
						TestTargetID = AD54F50B2105C7B9007A2114;
					};
					AD54F52A2105C7BA007A2114 = {
						CreatedOnToolsVersion = 10.0;
						TestTargetID = AD54F50B2105C7B9007A2114;
					};
				};
			};
			buildConfigurationList = AD54F5072105C7B9007A2114 /* Build configuration list for PBXProject "Lecture04" */;
			compatibilityVersion = "Xcode 9.3";
			developmentRegion = en;
			hasScannedForEncodings = 0;
			knownRegions = (
				en,
				Base,
			);
			mainGroup = AD54F5032105C7B9007A2114;
			productRefGroup = AD54F50D2105C7B9007A2114 /* Products */;
			projectDirPath = "";
			projectRoot = "";
			targets = (
				AD54F50B2105C7B9007A2114 /* Lecture04 */,
				AD54F51F2105C7BA007A2114 /* Lecture04Tests */,
				AD54F52A2105C7BA007A2114 /* Lecture04UITests */,
			);
		};
/* End PBXProject section */

/* Begin PBXResourcesBuildPhase section */
		AD54F50A2105C7B9007A2114 /* Resources */ = {
			isa = PBXResourcesBuildPhase;
			buildActionMask = 2147483647;
			files = (
				AD54F51A2105C7BA007A2114 /* LaunchScreen.storyboard in Resources */,
				AD54F5172105C7BA007A2114 /* Assets.xcassets in Resources */,
				AD54F5152105C7B9007A2114 /* Main.storyboard in Resources */,
			);
			runOnlyForDeploymentPostprocessing = 0;
		};
		AD54F51E2105C7BA007A2114 /* Resources */ = {
			isa = PBXResourcesBuildPhase;
			buildActionMask = 2147483647;
			files = (
			);
			runOnlyForDeploymentPostprocessing = 0;
		};
		AD54F5292105C7BA007A2114 /* Resources */ = {
			isa = PBXResourcesBuildPhase;
			buildActionMask = 2147483647;
			files = (
			);
			runOnlyForDeploymentPostprocessing = 0;
		};
/* End PBXResourcesBuildPhase section */

/* Begin PBXSourcesBuildPhase section */
		AD54F5082105C7B9007A2114 /* Sources */ = {
			isa = PBXSourcesBuildPhase;
			buildActionMask = 2147483647;
			files = (
				AD54F5122105C7B9007A2114 /* ViewController.swift in Sources */,
				AD54F5102105C7B9007A2114 /* AppDelegate.swift in Sources */,
			);
			runOnlyForDeploymentPostprocessing = 0;
		};
		AD54F51C2105C7BA007A2114 /* Sources */ = {
			isa = PBXSourcesBuildPhase;
			buildActionMask = 2147483647;
			files = (
				AD54F5252105C7BA007A2114 /* Lecture04Tests.swift in Sources */,
			);
			runOnlyForDeploymentPostprocessing = 0;
		};
		AD54F5272105C7BA007A2114 /* Sources */ = {
			isa = PBXSourcesBuildPhase;
			buildActionMask = 2147483647;
			files = (
				AD54F5302105C7BA007A2114 /* Lecture04UITests.swift in Sources */,
			);
			runOnlyForDeploymentPostprocessing = 0;
		};
/* End PBXSourcesBuildPhase section */

/* Begin PBXTargetDependency section */
		AD54F5222105C7BA007A2114 /* PBXTargetDependency */ = {
			isa = PBXTargetDependency;
			target = AD54F50B2105C7B9007A2114 /* Lecture04 */;
			targetProxy = AD54F5212105C7BA007A2114 /* PBXContainerItemProxy */;
		};
		AD54F52D2105C7BA007A2114 /* PBXTargetDependency */ = {
			isa = PBXTargetDependency;
			target = AD54F50B2105C7B9007A2114 /* Lecture04 */;
			targetProxy = AD54F52C2105C7BA007A2114 /* PBXContainerItemProxy */;
		};
/* End PBXTargetDependency section */

/* Begin PBXVariantGroup section */
		AD54F5132105C7B9007A2114 /* Main.storyboard */ = {
			isa = PBXVariantGroup;
			children = (
				AD54F5142105C7B9007A2114 /* Base */,
			);
			name = Main.storyboard;
			sourceTree = "<group>";
		};
		AD54F5182105C7BA007A2114 /* LaunchScreen.storyboard */ = {
			isa = PBXVariantGroup;
			children = (
				AD54F5192105C7BA007A2114 /* Base */,
			);
			name = LaunchScreen.storyboard;
			sourceTree = "<group>";
		};
/* End PBXVariantGroup section */

/* Begin XCBuildConfiguration section */
		AD54F5322105C7BA007A2114 /* Debug */ = {
			isa = XCBuildConfiguration;
			buildSettings = {
				ALWAYS_SEARCH_USER_PATHS = NO;
				CLANG_ANALYZER_NONNULL = YES;
				CLANG_ANALYZER_NUMBER_OBJECT_CONVERSION = YES_AGGRESSIVE;
				CLANG_CXX_LANGUAGE_STANDARD = "gnu++14";
				CLANG_CXX_LIBRARY = "libc++";
				CLANG_ENABLE_MODULES = YES;
				CLANG_ENABLE_OBJC_ARC = YES;
				CLANG_ENABLE_OBJC_WEAK = YES;
				CLANG_WARN_BLOCK_CAPTURE_AUTORELEASING = YES;
				CLANG_WARN_BOOL_CONVERSION = YES;
				CLANG_WARN_COMMA = YES;
				CLANG_WARN_CONSTANT_CONVERSION = YES;
				CLANG_WARN_DEPRECATED_OBJC_IMPLEMENTATIONS = YES;
				CLANG_WARN_DIRECT_OBJC_ISA_USAGE = YES_ERROR;
				CLANG_WARN_DOCUMENTATION_COMMENTS = YES;
				CLANG_WARN_EMPTY_BODY = YES;
				CLANG_WARN_ENUM_CONVERSION = YES;
				CLANG_WARN_INFINITE_RECURSION = YES;
				CLANG_WARN_INT_CONVERSION = YES;
				CLANG_WARN_NON_LITERAL_NULL_CONVERSION = YES;
				CLANG_WARN_OBJC_IMPLICIT_RETAIN_SELF = YES;
				CLANG_WARN_OBJC_LITERAL_CONVERSION = YES;
				CLANG_WARN_OBJC_ROOT_CLASS = YES_ERROR;
				CLANG_WARN_RANGE_LOOP_ANALYSIS = YES;
				CLANG_WARN_STRICT_PROTOTYPES = YES;
				CLANG_WARN_SUSPICIOUS_MOVE = YES;
				CLANG_WARN_UNGUARDED_AVAILABILITY = YES_AGGRESSIVE;
				CLANG_WARN_UNREACHABLE_CODE = YES;
				CLANG_WARN__DUPLICATE_METHOD_MATCH = YES;
				CODE_SIGN_IDENTITY = "iPhone Developer";
				COPY_PHASE_STRIP = NO;
				DEBUG_INFORMATION_FORMAT = dwarf;
				ENABLE_STRICT_OBJC_MSGSEND = YES;
				ENABLE_TESTABILITY = YES;
				GCC_C_LANGUAGE_STANDARD = gnu11;
				GCC_DYNAMIC_NO_PIC = NO;
				GCC_NO_COMMON_BLOCKS = YES;
				GCC_OPTIMIZATION_LEVEL = 0;
				GCC_PREPROCESSOR_DEFINITIONS = (
					"DEBUG=1",
					"$(inherited)",
				);
				GCC_WARN_64_TO_32_BIT_CONVERSION = YES;
				GCC_WARN_ABOUT_RETURN_TYPE = YES_ERROR;
				GCC_WARN_UNDECLARED_SELECTOR = YES;
				GCC_WARN_UNINITIALIZED_AUTOS = YES_AGGRESSIVE;
				GCC_WARN_UNUSED_FUNCTION = YES;
				GCC_WARN_UNUSED_VARIABLE = YES;
				IPHONEOS_DEPLOYMENT_TARGET = 12.0;
				MTL_ENABLE_DEBUG_INFO = INCLUDE_SOURCE;
				MTL_FAST_MATH = YES;
				ONLY_ACTIVE_ARCH = YES;
				SDKROOT = iphoneos;
				SWIFT_ACTIVE_COMPILATION_CONDITIONS = DEBUG;
				SWIFT_OPTIMIZATION_LEVEL = "-Onone";
			};
			name = Debug;
		};
		AD54F5332105C7BA007A2114 /* Release */ = {
			isa = XCBuildConfiguration;
			buildSettings = {
				ALWAYS_SEARCH_USER_PATHS = NO;
				CLANG_ANALYZER_NONNULL = YES;
				CLANG_ANALYZER_NUMBER_OBJECT_CONVERSION = YES_AGGRESSIVE;
				CLANG_CXX_LANGUAGE_STANDARD = "gnu++14";
				CLANG_CXX_LIBRARY = "libc++";
				CLANG_ENABLE_MODULES = YES;
				CLANG_ENABLE_OBJC_ARC = YES;
				CLANG_ENABLE_OBJC_WEAK = YES;
				CLANG_WARN_BLOCK_CAPTURE_AUTORELEASING = YES;
				CLANG_WARN_BOOL_CONVERSION = YES;
				CLANG_WARN_COMMA = YES;
				CLANG_WARN_CONSTANT_CONVERSION = YES;
				CLANG_WARN_DEPRECATED_OBJC_IMPLEMENTATIONS = YES;
				CLANG_WARN_DIRECT_OBJC_ISA_USAGE = YES_ERROR;
				CLANG_WARN_DOCUMENTATION_COMMENTS = YES;
				CLANG_WARN_EMPTY_BODY = YES;
				CLANG_WARN_ENUM_CONVERSION = YES;
				CLANG_WARN_INFINITE_RECURSION = YES;
				CLANG_WARN_INT_CONVERSION = YES;
				CLANG_WARN_NON_LITERAL_NULL_CONVERSION = YES;
				CLANG_WARN_OBJC_IMPLICIT_RETAIN_SELF = YES;
				CLANG_WARN_OBJC_LITERAL_CONVERSION = YES;
				CLANG_WARN_OBJC_ROOT_CLASS = YES_ERROR;
				CLANG_WARN_RANGE_LOOP_ANALYSIS = YES;
				CLANG_WARN_STRICT_PROTOTYPES = YES;
				CLANG_WARN_SUSPICIOUS_MOVE = YES;
				CLANG_WARN_UNGUARDED_AVAILABILITY = YES_AGGRESSIVE;
				CLANG_WARN_UNREACHABLE_CODE = YES;
				CLANG_WARN__DUPLICATE_METHOD_MATCH = YES;
				CODE_SIGN_IDENTITY = "iPhone Developer";
				COPY_PHASE_STRIP = NO;
				DEBUG_INFORMATION_FORMAT = "dwarf-with-dsym";
				ENABLE_NS_ASSERTIONS = NO;
				ENABLE_STRICT_OBJC_MSGSEND = YES;
				GCC_C_LANGUAGE_STANDARD = gnu11;
				GCC_NO_COMMON_BLOCKS = YES;
				GCC_WARN_64_TO_32_BIT_CONVERSION = YES;
				GCC_WARN_ABOUT_RETURN_TYPE = YES_ERROR;
				GCC_WARN_UNDECLARED_SELECTOR = YES;
				GCC_WARN_UNINITIALIZED_AUTOS = YES_AGGRESSIVE;
				GCC_WARN_UNUSED_FUNCTION = YES;
				GCC_WARN_UNUSED_VARIABLE = YES;
				IPHONEOS_DEPLOYMENT_TARGET = 12.0;
				MTL_ENABLE_DEBUG_INFO = NO;
				MTL_FAST_MATH = YES;
				SDKROOT = iphoneos;
				SWIFT_COMPILATION_MODE = wholemodule;
				SWIFT_OPTIMIZATION_LEVEL = "-O";
				VALIDATE_PRODUCT = YES;
			};
			name = Release;
		};
		AD54F5352105C7BA007A2114 /* Debug */ = {
			isa = XCBuildConfiguration;
			buildSettings = {
				ASSETCATALOG_COMPILER_APPICON_NAME = AppIcon;
				CODE_SIGN_STYLE = Automatic;
				DEVELOPMENT_TEAM = Z55FN6W3PH;
				INFOPLIST_FILE = Lecture04/Info.plist;
				LD_RUNPATH_SEARCH_PATHS = (
					"$(inherited)",
					"@executable_path/Frameworks",
				);
				PRODUCT_BUNDLE_IDENTIFIER = cn.edu.abc.Lecture04;
				PRODUCT_NAME = "$(TARGET_NAME)";
				SWIFT_VERSION = 4.2;
				TARGETED_DEVICE_FAMILY = "1,2";
			};
			name = Debug;
		};
		AD54F5362105C7BA007A2114 /* Release */ = {
			isa = XCBuildConfiguration;
			buildSettings = {
				ASSETCATALOG_COMPILER_APPICON_NAME = AppIcon;
				CODE_SIGN_STYLE = Automatic;
				DEVELOPMENT_TEAM = Z55FN6W3PH;
				INFOPLIST_FILE = Lecture04/Info.plist;
				LD_RUNPATH_SEARCH_PATHS = (
					"$(inherited)",
					"@executable_path/Frameworks",
				);
				PRODUCT_BUNDLE_IDENTIFIER = cn.edu.abc.Lecture04;
				PRODUCT_NAME = "$(TARGET_NAME)";
				SWIFT_VERSION = 4.2;
				TARGETED_DEVICE_FAMILY = "1,2";
			};
			name = Release;
		};
		AD54F5382105C7BA007A2114 /* Debug */ = {
			isa = XCBuildConfiguration;
			buildSettings = {
				ALWAYS_EMBED_SWIFT_STANDARD_LIBRARIES = YES;
				BUNDLE_LOADER = "$(TEST_HOST)";
				CODE_SIGN_STYLE = Automatic;
				DEVELOPMENT_TEAM = Z55FN6W3PH;
				INFOPLIST_FILE = Lecture04Tests/Info.plist;
				LD_RUNPATH_SEARCH_PATHS = (
					"$(inherited)",
					"@executable_path/Frameworks",
					"@loader_path/Frameworks",
				);
				PRODUCT_BUNDLE_IDENTIFIER = cn.edu.abc.Lecture04Tests;
				PRODUCT_NAME = "$(TARGET_NAME)";
				SWIFT_VERSION = 4.2;
				TARGETED_DEVICE_FAMILY = "1,2";
				TEST_HOST = "$(BUILT_PRODUCTS_DIR)/Lecture04.app/Lecture04";
			};
			name = Debug;
		};
		AD54F5392105C7BA007A2114 /* Release */ = {
			isa = XCBuildConfiguration;
			buildSettings = {
				ALWAYS_EMBED_SWIFT_STANDARD_LIBRARIES = YES;
				BUNDLE_LOADER = "$(TEST_HOST)";
				CODE_SIGN_STYLE = Automatic;
				DEVELOPMENT_TEAM = Z55FN6W3PH;
				INFOPLIST_FILE = Lecture04Tests/Info.plist;
				LD_RUNPATH_SEARCH_PATHS = (
					"$(inherited)",
					"@executable_path/Frameworks",
					"@loader_path/Frameworks",
				);
				PRODUCT_BUNDLE_IDENTIFIER = cn.edu.abc.Lecture04Tests;
				PRODUCT_NAME = "$(TARGET_NAME)";
				SWIFT_VERSION = 4.2;
				TARGETED_DEVICE_FAMILY = "1,2";
				TEST_HOST = "$(BUILT_PRODUCTS_DIR)/Lecture04.app/Lecture04";
			};
			name = Release;
		};
		AD54F53B2105C7BA007A2114 /* Debug */ = {
			isa = XCBuildConfiguration;
			buildSettings = {
				ALWAYS_EMBED_SWIFT_STANDARD_LIBRARIES = YES;
				CODE_SIGN_STYLE = Automatic;
				DEVELOPMENT_TEAM = Z55FN6W3PH;
				INFOPLIST_FILE = Lecture04UITests/Info.plist;
				LD_RUNPATH_SEARCH_PATHS = (
					"$(inherited)",
					"@executable_path/Frameworks",
					"@loader_path/Frameworks",
				);
				PRODUCT_BUNDLE_IDENTIFIER = cn.edu.abc.Lecture04UITests;
				PRODUCT_NAME = "$(TARGET_NAME)";
				SWIFT_VERSION = 4.2;
				TARGETED_DEVICE_FAMILY = "1,2";
				TEST_TARGET_NAME = Lecture04;
			};
			name = Debug;
		};
		AD54F53C2105C7BA007A2114 /* Release */ = {
			isa = XCBuildConfiguration;
			buildSettings = {
				ALWAYS_EMBED_SWIFT_STANDARD_LIBRARIES = YES;
				CODE_SIGN_STYLE = Automatic;
				DEVELOPMENT_TEAM = Z55FN6W3PH;
				INFOPLIST_FILE = Lecture04UITests/Info.plist;
				LD_RUNPATH_SEARCH_PATHS = (
					"$(inherited)",
					"@executable_path/Frameworks",
					"@loader_path/Frameworks",
				);
				PRODUCT_BUNDLE_IDENTIFIER = cn.edu.abc.Lecture04UITests;
				PRODUCT_NAME = "$(TARGET_NAME)";
				SWIFT_VERSION = 4.2;
				TARGETED_DEVICE_FAMILY = "1,2";
				TEST_TARGET_NAME = Lecture04;
			};
			name = Release;
		};
/* End XCBuildConfiguration section */

/* Begin XCConfigurationList section */
		AD54F5072105C7B9007A2114 /* Build configuration list for PBXProject "Lecture04" */ = {
			isa = XCConfigurationList;
			buildConfigurations = (
				AD54F5322105C7BA007A2114 /* Debug */,
				AD54F5332105C7BA007A2114 /* Release */,
			);
			defaultConfigurationIsVisible = 0;
			defaultConfigurationName = Release;
		};
		AD54F5342105C7BA007A2114 /* Build configuration list for PBXNativeTarget "Lecture04" */ = {
			isa = XCConfigurationList;
			buildConfigurations = (
				AD54F5352105C7BA007A2114 /* Debug */,
				AD54F5362105C7BA007A2114 /* Release */,
			);
			defaultConfigurationIsVisible = 0;
			defaultConfigurationName = Release;
		};
		AD54F5372105C7BA007A2114 /* Build configuration list for PBXNativeTarget "Lecture04Tests" */ = {
			isa = XCConfigurationList;
			buildConfigurations = (
				AD54F5382105C7BA007A2114 /* Debug */,
				AD54F5392105C7BA007A2114 /* Release */,
			);
			defaultConfigurationIsVisible = 0;
			defaultConfigurationName = Release;
		};
		AD54F53A2105C7BA007A2114 /* Build configuration list for PBXNativeTarget "Lecture04UITests" */ = {
			isa = XCConfigurationList;
			buildConfigurations = (
				AD54F53B2105C7BA007A2114 /* Debug */,
				AD54F53C2105C7BA007A2114 /* Release */,
			);
			defaultConfigurationIsVisible = 0;
			defaultConfigurationName = Release;
		};
/* End XCConfigurationList section */
	};
	rootObject = AD54F5042105C7B9007A2114 /* Project object */;
}
